
Microsoft Visual Studio Solution File, Format Version 12.00
# Visual Studio Version 16
VisualStudioVersion = 16.0.32901.82
MinimumVisualStudioVersion = 10.0.40219.1
Project("{9A19103F-16F7-4668-BE54-9A1E7A4F7556}") = "CSharpOpdrachten", "CSharpOpdrachten\CSharpOpdrachten.csproj", "{B53680C2-9B7E-471B-9695-F96A2110C2B2}"
EndProject
Project("{FAE04EC0-301F-11D3-BF4B-00C04F79EFBC}") = "ProjectAddOpdracht", "ProjectAddOpdracht\ProjectAddOpdracht.csproj", "{948021EB-DF5A-4C85-ABBA-DC4D5A699102}"
EndProject
Global
	GlobalSection(SolutionConfigurationPlatforms) = preSolution
		Debug|Any CPU = Debug|Any CPU
		Release|Any CPU = Release|Any CPU
	EndGlobalSection
	GlobalSection(ProjectConfigurationPlatforms) = postSolution
		{B53680C2-9B7E-471B-9695-F96A2110C2B2}.Debug|Any CPU.ActiveCfg = Debug|Any CPU
		{B53680C2-9B7E-471B-9695-F96A2110C2B2}.Debug|Any CPU.Build.0 = Debug|Any CPU
		{B53680C2-9B7E-471B-9695-F96A2110C2B2}.Release|Any CPU.ActiveCfg = Release|Any CPU
		{B53680C2-9B7E-471B-9695-F96A2110C2B2}.Release|Any CPU.Build.0 = Release|Any CPU
		{948021EB-DF5A-4C85-ABBA-DC4D5A699102}.Debug|Any CPU.ActiveCfg = Debug|Any CPU
		{948021EB-DF5A-4C85-ABBA-DC4D5A699102}.Debug|Any CPU.Build.0 = Debug|Any CPU
		{948021EB-DF5A-4C85-ABBA-DC4D5A699102}.Release|Any CPU.ActiveCfg = Release|Any CPU
		{948021EB-DF5A-4C85-ABBA-DC4D5A699102}.Release|Any CPU.Build.0 = Release|Any CPU
	EndGlobalSection
	GlobalSection(SolutionProperties) = preSolution
		HideSolutionNode = FALSE
	EndGlobalSection
	GlobalSection(ExtensibilityGlobals) = postSolution
		SolutionGuid = {020096E1-631E-478F-ABF3-C239C85B278F}
	EndGlobalSection
EndGlobal
